
Microsoft Visual Studio Solution File, Format Version 12.00
# Visual Studio Version 17
VisualStudioVersion = 17.8.34330.188
MinimumVisualStudioVersion = 10.0.40219.1
Project("{2150E333-8FDC-42A3-9474-1A3956D46DE8}") = "src", "src", "{FFD1A1D3-E5A4-4B78-BE3F-8FB658807F1B}"
EndProject
Project("{2150E333-8FDC-42A3-9474-1A3956D46DE8}") = "tests", "tests", "{99679C3C-0864-4437-96F4-1FA2D50790B3}"
EndProject
Project("{9A19103F-16F7-4668-BE54-9A1E7A4F7556}") = "MextFullStack.Domain", "src\MextFullStack.Domain\MextFullStack.Domain.csproj", "{38808485-57A9-4015-A073-EA81A9480ED9}"
EndProject
Project("{9A19103F-16F7-4668-BE54-9A1E7A4F7556}") = "MextFullStack.ConsoleClient", "src\MextFullStack.ConsoleClient\MextFullStack.ConsoleClient.csproj", "{0E4CC1B1-C462-4575-B261-5AFEF58ED355}"
EndProject
Project("{9A19103F-16F7-4668-BE54-9A1E7A4F7556}") = "MextFullStack.WebApi", "src\MextFullStack.WebApi\MextFullStack.WebApi.csproj", "{34112787-DBDD-47EB-9F3A-63AEF78D17EF}"
EndProject
Project("{9A19103F-16F7-4668-BE54-9A1E7A4F7556}") = "MextFullStack.WasmClient", "src\MextFullStack.WasmClient\MextFullStack.WasmClient.csproj", "{199381E7-D005-445D-981A-63B7B612188C}"
EndProject
Project("{9A19103F-16F7-4668-BE54-9A1E7A4F7556}") = "MextFullStack.Persistance", "src\MextFullStack.Persistance\MextFullStack.Persistance.csproj", "{B010EB74-BD8A-4A65-930C-B31EF6310B5D}"
EndProject
Global
	GlobalSection(SolutionConfigurationPlatforms) = preSolution
		Debug|Any CPU = Debug|Any CPU
		Release|Any CPU = Release|Any CPU
	EndGlobalSection
	GlobalSection(ProjectConfigurationPlatforms) = postSolution
		{38808485-57A9-4015-A073-EA81A9480ED9}.Debug|Any CPU.ActiveCfg = Debug|Any CPU
		{38808485-57A9-4015-A073-EA81A9480ED9}.Debug|Any CPU.Build.0 = Debug|Any CPU
		{38808485-57A9-4015-A073-EA81A9480ED9}.Release|Any CPU.ActiveCfg = Release|Any CPU
		{38808485-57A9-4015-A073-EA81A9480ED9}.Release|Any CPU.Build.0 = Release|Any CPU
		{0E4CC1B1-C462-4575-B261-5AFEF58ED355}.Debug|Any CPU.ActiveCfg = Debug|Any CPU
		{0E4CC1B1-C462-4575-B261-5AFEF58ED355}.Debug|Any CPU.Build.0 = Debug|Any CPU
		{0E4CC1B1-C462-4575-B261-5AFEF58ED355}.Release|Any CPU.ActiveCfg = Release|Any CPU
		{0E4CC1B1-C462-4575-B261-5AFEF58ED355}.Release|Any CPU.Build.0 = Release|Any CPU
		{34112787-DBDD-47EB-9F3A-63AEF78D17EF}.Debug|Any CPU.ActiveCfg = Debug|Any CPU
		{34112787-DBDD-47EB-9F3A-63AEF78D17EF}.Debug|Any CPU.Build.0 = Debug|Any CPU
		{34112787-DBDD-47EB-9F3A-63AEF78D17EF}.Release|Any CPU.ActiveCfg = Release|Any CPU
		{34112787-DBDD-47EB-9F3A-63AEF78D17EF}.Release|Any CPU.Build.0 = Release|Any CPU
		{199381E7-D005-445D-981A-63B7B612188C}.Debug|Any CPU.ActiveCfg = Debug|Any CPU
		{199381E7-D005-445D-981A-63B7B612188C}.Debug|Any CPU.Build.0 = Debug|Any CPU
		{199381E7-D005-445D-981A-63B7B612188C}.Release|Any CPU.ActiveCfg = Release|Any CPU
		{199381E7-D005-445D-981A-63B7B612188C}.Release|Any CPU.Build.0 = Release|Any CPU
		{B010EB74-BD8A-4A65-930C-B31EF6310B5D}.Debug|Any CPU.ActiveCfg = Debug|Any CPU
		{B010EB74-BD8A-4A65-930C-B31EF6310B5D}.Debug|Any CPU.Build.0 = Debug|Any CPU
		{B010EB74-BD8A-4A65-930C-B31EF6310B5D}.Release|Any CPU.ActiveCfg = Release|Any CPU
		{B010EB74-BD8A-4A65-930C-B31EF6310B5D}.Release|Any CPU.Build.0 = Release|Any CPU
	EndGlobalSection
	GlobalSection(SolutionProperties) = preSolution
		HideSolutionNode = FALSE
	EndGlobalSection
	GlobalSection(NestedProjects) = preSolution
		{38808485-57A9-4015-A073-EA81A9480ED9} = {FFD1A1D3-E5A4-4B78-BE3F-8FB658807F1B}
		{0E4CC1B1-C462-4575-B261-5AFEF58ED355} = {FFD1A1D3-E5A4-4B78-BE3F-8FB658807F1B}
		{34112787-DBDD-47EB-9F3A-63AEF78D17EF} = {FFD1A1D3-E5A4-4B78-BE3F-8FB658807F1B}
		{199381E7-D005-445D-981A-63B7B612188C} = {FFD1A1D3-E5A4-4B78-BE3F-8FB658807F1B}
		{B010EB74-BD8A-4A65-930C-B31EF6310B5D} = {FFD1A1D3-E5A4-4B78-BE3F-8FB658807F1B}
	EndGlobalSection
	GlobalSection(ExtensibilityGlobals) = postSolution
		SolutionGuid = {36D028B6-BB8C-42AC-AB3B-096DDF0D375B}
	EndGlobalSection
EndGlobal
