
Microsoft Visual Studio Solution File, Format Version 12.00
# Visual Studio Version 17
VisualStudioVersion = 17.8.34330.188
MinimumVisualStudioVersion = 10.0.40219.1
Project("{9A19103F-16F7-4668-BE54-9A1E7A4F7556}") = "MextFullStackSaaS.Domain", "MextFullStackSaaS.Domain\MextFullStackSaaS.Domain.csproj", "{D0AFF893-6951-4E40-9312-0A6E4D32A469}"
EndProject
Project("{FAE04EC0-301F-11D3-BF4B-00C04F79EFBC}") = "MextFullStactSaaS.Application", "MextFullStactSaaS.Application\MextFullStactSaaS.Application.csproj", "{4D134FCC-8B1A-47E7-B9BD-2E5D208E615D}"
EndProject
Project("{FAE04EC0-301F-11D3-BF4B-00C04F79EFBC}") = "MextFullStackSaaS.Infrastructure", "MextFullStackSaaS.Infrastructure\MextFullStackSaaS.Infrastructure.csproj", "{7CACA1EA-A070-4B5A-B61C-E76643DC27B2}"
EndProject
Global
	GlobalSection(SolutionConfigurationPlatforms) = preSolution
		Debug|Any CPU = Debug|Any CPU
		Release|Any CPU = Release|Any CPU
	EndGlobalSection
	GlobalSection(ProjectConfigurationPlatforms) = postSolution
		{D0AFF893-6951-4E40-9312-0A6E4D32A469}.Debug|Any CPU.ActiveCfg = Debug|Any CPU
		{D0AFF893-6951-4E40-9312-0A6E4D32A469}.Debug|Any CPU.Build.0 = Debug|Any CPU
		{D0AFF893-6951-4E40-9312-0A6E4D32A469}.Release|Any CPU.ActiveCfg = Release|Any CPU
		{D0AFF893-6951-4E40-9312-0A6E4D32A469}.Release|Any CPU.Build.0 = Release|Any CPU
		{4D134FCC-8B1A-47E7-B9BD-2E5D208E615D}.Debug|Any CPU.ActiveCfg = Debug|Any CPU
		{4D134FCC-8B1A-47E7-B9BD-2E5D208E615D}.Debug|Any CPU.Build.0 = Debug|Any CPU
		{4D134FCC-8B1A-47E7-B9BD-2E5D208E615D}.Release|Any CPU.ActiveCfg = Release|Any CPU
		{4D134FCC-8B1A-47E7-B9BD-2E5D208E615D}.Release|Any CPU.Build.0 = Release|Any CPU
		{7CACA1EA-A070-4B5A-B61C-E76643DC27B2}.Debug|Any CPU.ActiveCfg = Debug|Any CPU
		{7CACA1EA-A070-4B5A-B61C-E76643DC27B2}.Debug|Any CPU.Build.0 = Debug|Any CPU
		{7CACA1EA-A070-4B5A-B61C-E76643DC27B2}.Release|Any CPU.ActiveCfg = Release|Any CPU
		{7CACA1EA-A070-4B5A-B61C-E76643DC27B2}.Release|Any CPU.Build.0 = Release|Any CPU
	EndGlobalSection
	GlobalSection(SolutionProperties) = preSolution
		HideSolutionNode = FALSE
	EndGlobalSection
	GlobalSection(ExtensibilityGlobals) = postSolution
		SolutionGuid = {67660F9D-88FE-48E4-A000-05F3AC870AF5}
	EndGlobalSection
EndGlobal
